// !$*UTF8*$!
{
	archiveVersion = 1;
	classes = {
	};
	objectVersion = 50;
	objects = {

/* Begin PBXBuildFile section */
		8D392DE123D318E70075285D /* AppDelegate.swift in Sources */ = {isa = PBXBuildFile; fileRef = 8D392DE023D318E70075285D /* AppDelegate.swift */; };
		8D392DE323D318E70075285D /* SceneDelegate.swift in Sources */ = {isa = PBXBuildFile; fileRef = 8D392DE223D318E70075285D /* SceneDelegate.swift */; };
		8D392DE523D318E70075285D /* ViewController.swift in Sources */ = {isa = PBXBuildFile; fileRef = 8D392DE423D318E70075285D /* ViewController.swift */; };
		8D392DE823D318E70075285D /* Main.storyboard in Resources */ = {isa = PBXBuildFile; fileRef = 8D392DE623D318E70075285D /* Main.storyboard */; };
		8D392DEA23D318E90075285D /* Assets.xcassets in Resources */ = {isa = PBXBuildFile; fileRef = 8D392DE923D318E90075285D /* Assets.xcassets */; };
		8D392DED23D318E90075285D /* LaunchScreen.storyboard in Resources */ = {isa = PBXBuildFile; fileRef = 8D392DEB23D318E90075285D /* LaunchScreen.storyboard */; };
		8D392DF823D318E90075285D /* TikTokUITests.swift in Sources */ = {isa = PBXBuildFile; fileRef = 8D392DF723D318E90075285D /* TikTokUITests.swift */; };
		8D392E0323D318E90075285D /* TikTokUIUITests.swift in Sources */ = {isa = PBXBuildFile; fileRef = 8D392E0223D318E90075285D /* TikTokUIUITests.swift */; };
/* End PBXBuildFile section */

/* Begin PBXContainerItemProxy section */
		8D392DF423D318E90075285D /* PBXContainerItemProxy */ = {
			isa = PBXContainerItemProxy;
			containerPortal = 8D392DD523D318E70075285D /* Project object */;
			proxyType = 1;
			remoteGlobalIDString = 8D392DDC23D318E70075285D;
			remoteInfo = TikTokUI;
		};
		8D392DFF23D318E90075285D /* PBXContainerItemProxy */ = {
			isa = PBXContainerItemProxy;
			containerPortal = 8D392DD523D318E70075285D /* Project object */;
			proxyType = 1;
			remoteGlobalIDString = 8D392DDC23D318E70075285D;
			remoteInfo = TikTokUI;
		};
/* End PBXContainerItemProxy section */

/* Begin PBXFileReference section */
		8D392DDD23D318E70075285D /* TikTokUI.app */ = {isa = PBXFileReference; explicitFileType = wrapper.application; includeInIndex = 0; path = TikTokUI.app; sourceTree = BUILT_PRODUCTS_DIR; };
		8D392DE023D318E70075285D /* AppDelegate.swift */ = {isa = PBXFileReference; lastKnownFileType = sourcecode.swift; path = AppDelegate.swift; sourceTree = "<group>"; };
		8D392DE223D318E70075285D /* SceneDelegate.swift */ = {isa = PBXFileReference; lastKnownFileType = sourcecode.swift; path = SceneDelegate.swift; sourceTree = "<group>"; };
		8D392DE423D318E70075285D /* ViewController.swift */ = {isa = PBXFileReference; lastKnownFileType = sourcecode.swift; path = ViewController.swift; sourceTree = "<group>"; };
		8D392DE723D318E70075285D /* Base */ = {isa = PBXFileReference; lastKnownFileType = file.storyboard; name = Base; path = Base.lproj/Main.storyboard; sourceTree = "<group>"; };
		8D392DE923D318E90075285D /* Assets.xcassets */ = {isa = PBXFileReference; lastKnownFileType = folder.assetcatalog; path = Assets.xcassets; sourceTree = "<group>"; };
		8D392DEC23D318E90075285D /* Base */ = {isa = PBXFileReference; lastKnownFileType = file.storyboard; name = Base; path = Base.lproj/LaunchScreen.storyboard; sourceTree = "<group>"; };
		8D392DEE23D318E90075285D /* Info.plist */ = {isa = PBXFileReference; lastKnownFileType = text.plist.xml; path = Info.plist; sourceTree = "<group>"; };
		8D392DF323D318E90075285D /* TikTokUITests.xctest */ = {isa = PBXFileReference; explicitFileType = wrapper.cfbundle; includeInIndex = 0; path = TikTokUITests.xctest; sourceTree = BUILT_PRODUCTS_DIR; };
		8D392DF723D318E90075285D /* TikTokUITests.swift */ = {isa = PBXFileReference; lastKnownFileType = sourcecode.swift; path = TikTokUITests.swift; sourceTree = "<group>"; };
		8D392DF923D318E90075285D /* Info.plist */ = {isa = PBXFileReference; lastKnownFileType = text.plist.xml; path = Info.plist; sourceTree = "<group>"; };
		8D392DFE23D318E90075285D /* TikTokUIUITests.xctest */ = {isa = PBXFileReference; explicitFileType = wrapper.cfbundle; includeInIndex = 0; path = TikTokUIUITests.xctest; sourceTree = BUILT_PRODUCTS_DIR; };
		8D392E0223D318E90075285D /* TikTokUIUITests.swift */ = {isa = PBXFileReference; lastKnownFileType = sourcecode.swift; path = TikTokUIUITests.swift; sourceTree = "<group>"; };
		8D392E0423D318E90075285D /* Info.plist */ = {isa = PBXFileReference; lastKnownFileType = text.plist.xml; path = Info.plist; sourceTree = "<group>"; };
/* End PBXFileReference section */

/* Begin PBXFrameworksBuildPhase section */
		8D392DDA23D318E70075285D /* Frameworks */ = {
			isa = PBXFrameworksBuildPhase;
			buildActionMask = 2147483647;
			files = (
			);
			runOnlyForDeploymentPostprocessing = 0;
		};
		8D392DF023D318E90075285D /* Frameworks */ = {
			isa = PBXFrameworksBuildPhase;
			buildActionMask = 2147483647;
			files = (
			);
			runOnlyForDeploymentPostprocessing = 0;
		};
		8D392DFB23D318E90075285D /* Frameworks */ = {
			isa = PBXFrameworksBuildPhase;
			buildActionMask = 2147483647;
			files = (
			);
			runOnlyForDeploymentPostprocessing = 0;
		};
/* End PBXFrameworksBuildPhase section */

/* Begin PBXGroup section */
		8D392DD423D318E70075285D = {
			isa = PBXGroup;
			children = (
				8D392DDF23D318E70075285D /* TikTokUI */,
				8D392DF623D318E90075285D /* TikTokUITests */,
				8D392E0123D318E90075285D /* TikTokUIUITests */,
				8D392DDE23D318E70075285D /* Products */,
			);
			sourceTree = "<group>";
		};
		8D392DDE23D318E70075285D /* Products */ = {
			isa = PBXGroup;
			children = (
				8D392DDD23D318E70075285D /* TikTokUI.app */,
				8D392DF323D318E90075285D /* TikTokUITests.xctest */,
				8D392DFE23D318E90075285D /* TikTokUIUITests.xctest */,
			);
			name = Products;
			sourceTree = "<group>";
		};
		8D392DDF23D318E70075285D /* TikTokUI */ = {
			isa = PBXGroup;
			children = (
				8D392E1F23D31BEA0075285D /* Extensions */,
				8D392E1E23D31BD40075285D /* Presentables */,
				8D392E1D23D31BCB0075285D /* Coordinators */,
				8D392E1123D3199F0075285D /* Reactor */,
				8D392E1023D319710075285D /* UI */,
				8D392DE023D318E70075285D /* AppDelegate.swift */,
				8D392DE223D318E70075285D /* SceneDelegate.swift */,
				8D392DE423D318E70075285D /* ViewController.swift */,
				8D392DE623D318E70075285D /* Main.storyboard */,
				8D392DE923D318E90075285D /* Assets.xcassets */,
				8D392DEB23D318E90075285D /* LaunchScreen.storyboard */,
				8D392DEE23D318E90075285D /* Info.plist */,
			);
			path = TikTokUI;
			sourceTree = "<group>";
		};
		8D392DF623D318E90075285D /* TikTokUITests */ = {
			isa = PBXGroup;
			children = (
				8D392DF723D318E90075285D /* TikTokUITests.swift */,
				8D392DF923D318E90075285D /* Info.plist */,
			);
			path = TikTokUITests;
			sourceTree = "<group>";
		};
		8D392E0123D318E90075285D /* TikTokUIUITests */ = {
			isa = PBXGroup;
			children = (
				8D392E0223D318E90075285D /* TikTokUIUITests.swift */,
				8D392E0423D318E90075285D /* Info.plist */,
			);
			path = TikTokUIUITests;
			sourceTree = "<group>";
		};
		8D392E1023D319710075285D /* UI */ = {
			isa = PBXGroup;
			children = (
				8D392E1623D31AE80075285D /* Components */,
				8D392E1523D31AD40075285D /* Storyboards */,
				8D392E1323D31AA30075285D /* ViewControllers */,
			);
			path = UI;
			sourceTree = "<group>";
		};
		8D392E1123D3199F0075285D /* Reactor */ = {
			isa = PBXGroup;
			children = (
			);
			path = Reactor;
			sourceTree = "<group>";
		};
		8D392E1323D31AA30075285D /* ViewControllers */ = {
			isa = PBXGroup;
			children = (
				8D392E1C23D31BB10075285D /* Feed */,
				8D392E1B23D31B9F0075285D /* User */,
				8D392E1A23D31B170075285D /* Message */,
				8D392E1423D31AAA0075285D /* Trend */,
			);
			path = ViewControllers;
			sourceTree = "<group>";
		};
		8D392E1423D31AAA0075285D /* Trend */ = {
			isa = PBXGroup;
			children = (
			);
			path = Trend;
			sourceTree = "<group>";
		};
		8D392E1523D31AD40075285D /* Storyboards */ = {
			isa = PBXGroup;
			children = (
			);
			path = Storyboards;
			sourceTree = "<group>";
		};
		8D392E1623D31AE80075285D /* Components */ = {
			isa = PBXGroup;
			children = (
				8D392E1923D31B0B0075285D /* CustomViews */,
				8D392E1823D31B000075285D /* CollectionViewCells */,
				8D392E1723D31AF10075285D /* TableViewCells */,
			);
			path = Components;
			sourceTree = "<group>";
		};
		8D392E1723D31AF10075285D /* TableViewCells */ = {
			isa = PBXGroup;
			children = (
			);
			path = TableViewCells;
			sourceTree = "<group>";
		};
		8D392E1823D31B000075285D /* CollectionViewCells */ = {
			isa = PBXGroup;
			children = (
			);
			path = CollectionViewCells;
			sourceTree = "<group>";
		};
		8D392E1923D31B0B0075285D /* CustomViews */ = {
			isa = PBXGroup;
			children = (
			);
			path = CustomViews;
			sourceTree = "<group>";
		};
		8D392E1A23D31B170075285D /* Message */ = {
			isa = PBXGroup;
			children = (
			);
			path = Message;
			sourceTree = "<group>";
		};
		8D392E1B23D31B9F0075285D /* User */ = {
			isa = PBXGroup;
			children = (
			);
			path = User;
			sourceTree = "<group>";
		};
		8D392E1C23D31BB10075285D /* Feed */ = {
			isa = PBXGroup;
			children = (
			);
			path = Feed;
			sourceTree = "<group>";
		};
		8D392E1D23D31BCB0075285D /* Coordinators */ = {
			isa = PBXGroup;
			children = (
			);
			path = Coordinators;
			sourceTree = "<group>";
		};
		8D392E1E23D31BD40075285D /* Presentables */ = {
			isa = PBXGroup;
			children = (
			);
			path = Presentables;
			sourceTree = "<group>";
		};
		8D392E1F23D31BEA0075285D /* Extensions */ = {
			isa = PBXGroup;
			children = (
			);
			path = Extensions;
			sourceTree = "<group>";
		};
/* End PBXGroup section */

/* Begin PBXNativeTarget section */
		8D392DDC23D318E70075285D /* TikTokUI */ = {
			isa = PBXNativeTarget;
			buildConfigurationList = 8D392E0723D318E90075285D /* Build configuration list for PBXNativeTarget "TikTokUI" */;
			buildPhases = (
				8D392DD923D318E70075285D /* Sources */,
				8D392DDA23D318E70075285D /* Frameworks */,
				8D392DDB23D318E70075285D /* Resources */,
			);
			buildRules = (
			);
			dependencies = (
			);
			name = TikTokUI;
			productName = TikTokUI;
			productReference = 8D392DDD23D318E70075285D /* TikTokUI.app */;
			productType = "com.apple.product-type.application";
		};
		8D392DF223D318E90075285D /* TikTokUITests */ = {
			isa = PBXNativeTarget;
			buildConfigurationList = 8D392E0A23D318E90075285D /* Build configuration list for PBXNativeTarget "TikTokUITests" */;
			buildPhases = (
				8D392DEF23D318E90075285D /* Sources */,
				8D392DF023D318E90075285D /* Frameworks */,
				8D392DF123D318E90075285D /* Resources */,
			);
			buildRules = (
			);
			dependencies = (
				8D392DF523D318E90075285D /* PBXTargetDependency */,
			);
			name = TikTokUITests;
			productName = TikTokUITests;
			productReference = 8D392DF323D318E90075285D /* TikTokUITests.xctest */;
			productType = "com.apple.product-type.bundle.unit-test";
		};
		8D392DFD23D318E90075285D /* TikTokUIUITests */ = {
			isa = PBXNativeTarget;
			buildConfigurationList = 8D392E0D23D318E90075285D /* Build configuration list for PBXNativeTarget "TikTokUIUITests" */;
			buildPhases = (
				8D392DFA23D318E90075285D /* Sources */,
				8D392DFB23D318E90075285D /* Frameworks */,
				8D392DFC23D318E90075285D /* Resources */,
			);
			buildRules = (
			);
			dependencies = (
				8D392E0023D318E90075285D /* PBXTargetDependency */,
			);
			name = TikTokUIUITests;
			productName = TikTokUIUITests;
			productReference = 8D392DFE23D318E90075285D /* TikTokUIUITests.xctest */;
			productType = "com.apple.product-type.bundle.ui-testing";
		};
/* End PBXNativeTarget section */

/* Begin PBXProject section */
		8D392DD523D318E70075285D /* Project object */ = {
			isa = PBXProject;
			attributes = {
				LastSwiftUpdateCheck = 1120;
				LastUpgradeCheck = 1120;
				ORGANIZATIONNAME = Mori;
				TargetAttributes = {
					8D392DDC23D318E70075285D = {
						CreatedOnToolsVersion = 11.2.1;
					};
					8D392DF223D318E90075285D = {
						CreatedOnToolsVersion = 11.2.1;
						TestTargetID = 8D392DDC23D318E70075285D;
					};
					8D392DFD23D318E90075285D = {
						CreatedOnToolsVersion = 11.2.1;
						TestTargetID = 8D392DDC23D318E70075285D;
					};
				};
			};
			buildConfigurationList = 8D392DD823D318E70075285D /* Build configuration list for PBXProject "TikTokUI" */;
			compatibilityVersion = "Xcode 9.3";
			developmentRegion = en;
			hasScannedForEncodings = 0;
			knownRegions = (
				en,
				Base,
			);
			mainGroup = 8D392DD423D318E70075285D;
			productRefGroup = 8D392DDE23D318E70075285D /* Products */;
			projectDirPath = "";
			projectRoot = "";
			targets = (
				8D392DDC23D318E70075285D /* TikTokUI */,
				8D392DF223D318E90075285D /* TikTokUITests */,
				8D392DFD23D318E90075285D /* TikTokUIUITests */,
			);
		};
/* End PBXProject section */

/* Begin PBXResourcesBuildPhase section */
		8D392DDB23D318E70075285D /* Resources */ = {
			isa = PBXResourcesBuildPhase;
			buildActionMask = 2147483647;
			files = (
				8D392DED23D318E90075285D /* LaunchScreen.storyboard in Resources */,
				8D392DEA23D318E90075285D /* Assets.xcassets in Resources */,
				8D392DE823D318E70075285D /* Main.storyboard in Resources */,
			);
			runOnlyForDeploymentPostprocessing = 0;
		};
		8D392DF123D318E90075285D /* Resources */ = {
			isa = PBXResourcesBuildPhase;
			buildActionMask = 2147483647;
			files = (
			);
			runOnlyForDeploymentPostprocessing = 0;
		};
		8D392DFC23D318E90075285D /* Resources */ = {
			isa = PBXResourcesBuildPhase;
			buildActionMask = 2147483647;
			files = (
			);
			runOnlyForDeploymentPostprocessing = 0;
		};
/* End PBXResourcesBuildPhase section */

/* Begin PBXSourcesBuildPhase section */
		8D392DD923D318E70075285D /* Sources */ = {
			isa = PBXSourcesBuildPhase;
			buildActionMask = 2147483647;
			files = (
				8D392DE523D318E70075285D /* ViewController.swift in Sources */,
				8D392DE123D318E70075285D /* AppDelegate.swift in Sources */,
				8D392DE323D318E70075285D /* SceneDelegate.swift in Sources */,
			);
			runOnlyForDeploymentPostprocessing = 0;
		};
		8D392DEF23D318E90075285D /* Sources */ = {
			isa = PBXSourcesBuildPhase;
			buildActionMask = 2147483647;
			files = (
				8D392DF823D318E90075285D /* TikTokUITests.swift in Sources */,
			);
			runOnlyForDeploymentPostprocessing = 0;
		};
		8D392DFA23D318E90075285D /* Sources */ = {
			isa = PBXSourcesBuildPhase;
			buildActionMask = 2147483647;
			files = (
				8D392E0323D318E90075285D /* TikTokUIUITests.swift in Sources */,
			);
			runOnlyForDeploymentPostprocessing = 0;
		};
/* End PBXSourcesBuildPhase section */

/* Begin PBXTargetDependency section */
		8D392DF523D318E90075285D /* PBXTargetDependency */ = {
			isa = PBXTargetDependency;
			target = 8D392DDC23D318E70075285D /* TikTokUI */;
			targetProxy = 8D392DF423D318E90075285D /* PBXContainerItemProxy */;
		};
		8D392E0023D318E90075285D /* PBXTargetDependency */ = {
			isa = PBXTargetDependency;
			target = 8D392DDC23D318E70075285D /* TikTokUI */;
			targetProxy = 8D392DFF23D318E90075285D /* PBXContainerItemProxy */;
		};
/* End PBXTargetDependency section */

/* Begin PBXVariantGroup section */
		8D392DE623D318E70075285D /* Main.storyboard */ = {
			isa = PBXVariantGroup;
			children = (
				8D392DE723D318E70075285D /* Base */,
			);
			name = Main.storyboard;
			sourceTree = "<group>";
		};
		8D392DEB23D318E90075285D /* LaunchScreen.storyboard */ = {
			isa = PBXVariantGroup;
			children = (
				8D392DEC23D318E90075285D /* Base */,
			);
			name = LaunchScreen.storyboard;
			sourceTree = "<group>";
		};
/* End PBXVariantGroup section */

/* Begin XCBuildConfiguration section */
		8D392E0523D318E90075285D /* Debug */ = {
			isa = XCBuildConfiguration;
			buildSettings = {
				ALWAYS_SEARCH_USER_PATHS = NO;
				CLANG_ANALYZER_NONNULL = YES;
				CLANG_ANALYZER_NUMBER_OBJECT_CONVERSION = YES_AGGRESSIVE;
				CLANG_CXX_LANGUAGE_STANDARD = "gnu++14";
				CLANG_CXX_LIBRARY = "libc++";
				CLANG_ENABLE_MODULES = YES;
				CLANG_ENABLE_OBJC_ARC = YES;
				CLANG_ENABLE_OBJC_WEAK = YES;
				CLANG_WARN_BLOCK_CAPTURE_AUTORELEASING = YES;
				CLANG_WARN_BOOL_CONVERSION = YES;
				CLANG_WARN_COMMA = YES;
				CLANG_WARN_CONSTANT_CONVERSION = YES;
				CLANG_WARN_DEPRECATED_OBJC_IMPLEMENTATIONS = YES;
				CLANG_WARN_DIRECT_OBJC_ISA_USAGE = YES_ERROR;
				CLANG_WARN_DOCUMENTATION_COMMENTS = YES;
				CLANG_WARN_EMPTY_BODY = YES;
				CLANG_WARN_ENUM_CONVERSION = YES;
				CLANG_WARN_INFINITE_RECURSION = YES;
				CLANG_WARN_INT_CONVERSION = YES;
				CLANG_WARN_NON_LITERAL_NULL_CONVERSION = YES;
				CLANG_WARN_OBJC_IMPLICIT_RETAIN_SELF = YES;
				CLANG_WARN_OBJC_LITERAL_CONVERSION = YES;
				CLANG_WARN_OBJC_ROOT_CLASS = YES_ERROR;
				CLANG_WARN_RANGE_LOOP_ANALYSIS = YES;
				CLANG_WARN_STRICT_PROTOTYPES = YES;
				CLANG_WARN_SUSPICIOUS_MOVE = YES;
				CLANG_WARN_UNGUARDED_AVAILABILITY = YES_AGGRESSIVE;
				CLANG_WARN_UNREACHABLE_CODE = YES;
				CLANG_WARN__DUPLICATE_METHOD_MATCH = YES;
				COPY_PHASE_STRIP = NO;
				DEBUG_INFORMATION_FORMAT = dwarf;
				ENABLE_STRICT_OBJC_MSGSEND = YES;
				ENABLE_TESTABILITY = YES;
				GCC_C_LANGUAGE_STANDARD = gnu11;
				GCC_DYNAMIC_NO_PIC = NO;
				GCC_NO_COMMON_BLOCKS = YES;
				GCC_OPTIMIZATION_LEVEL = 0;
				GCC_PREPROCESSOR_DEFINITIONS = (
					"DEBUG=1",
					"$(inherited)",
				);
				GCC_WARN_64_TO_32_BIT_CONVERSION = YES;
				GCC_WARN_ABOUT_RETURN_TYPE = YES_ERROR;
				GCC_WARN_UNDECLARED_SELECTOR = YES;
				GCC_WARN_UNINITIALIZED_AUTOS = YES_AGGRESSIVE;
				GCC_WARN_UNUSED_FUNCTION = YES;
				GCC_WARN_UNUSED_VARIABLE = YES;
				IPHONEOS_DEPLOYMENT_TARGET = 13.2;
				MTL_ENABLE_DEBUG_INFO = INCLUDE_SOURCE;
				MTL_FAST_MATH = YES;
				ONLY_ACTIVE_ARCH = YES;
				SDKROOT = iphoneos;
				SWIFT_ACTIVE_COMPILATION_CONDITIONS = DEBUG;
				SWIFT_OPTIMIZATION_LEVEL = "-Onone";
			};
			name = Debug;
		};
		8D392E0623D318E90075285D /* Release */ = {
			isa = XCBuildConfiguration;
			buildSettings = {
				ALWAYS_SEARCH_USER_PATHS = NO;
				CLANG_ANALYZER_NONNULL = YES;
				CLANG_ANALYZER_NUMBER_OBJECT_CONVERSION = YES_AGGRESSIVE;
				CLANG_CXX_LANGUAGE_STANDARD = "gnu++14";
				CLANG_CXX_LIBRARY = "libc++";
				CLANG_ENABLE_MODULES = YES;
				CLANG_ENABLE_OBJC_ARC = YES;
				CLANG_ENABLE_OBJC_WEAK = YES;
				CLANG_WARN_BLOCK_CAPTURE_AUTORELEASING = YES;
				CLANG_WARN_BOOL_CONVERSION = YES;
				CLANG_WARN_COMMA = YES;
				CLANG_WARN_CONSTANT_CONVERSION = YES;
				CLANG_WARN_DEPRECATED_OBJC_IMPLEMENTATIONS = YES;
				CLANG_WARN_DIRECT_OBJC_ISA_USAGE = YES_ERROR;
				CLANG_WARN_DOCUMENTATION_COMMENTS = YES;
				CLANG_WARN_EMPTY_BODY = YES;
				CLANG_WARN_ENUM_CONVERSION = YES;
				CLANG_WARN_INFINITE_RECURSION = YES;
				CLANG_WARN_INT_CONVERSION = YES;
				CLANG_WARN_NON_LITERAL_NULL_CONVERSION = YES;
				CLANG_WARN_OBJC_IMPLICIT_RETAIN_SELF = YES;
				CLANG_WARN_OBJC_LITERAL_CONVERSION = YES;
				CLANG_WARN_OBJC_ROOT_CLASS = YES_ERROR;
				CLANG_WARN_RANGE_LOOP_ANALYSIS = YES;
				CLANG_WARN_STRICT_PROTOTYPES = YES;
				CLANG_WARN_SUSPICIOUS_MOVE = YES;
				CLANG_WARN_UNGUARDED_AVAILABILITY = YES_AGGRESSIVE;
				CLANG_WARN_UNREACHABLE_CODE = YES;
				CLANG_WARN__DUPLICATE_METHOD_MATCH = YES;
				COPY_PHASE_STRIP = NO;
				DEBUG_INFORMATION_FORMAT = "dwarf-with-dsym";
				ENABLE_NS_ASSERTIONS = NO;
				ENABLE_STRICT_OBJC_MSGSEND = YES;
				GCC_C_LANGUAGE_STANDARD = gnu11;
				GCC_NO_COMMON_BLOCKS = YES;
				GCC_WARN_64_TO_32_BIT_CONVERSION = YES;
				GCC_WARN_ABOUT_RETURN_TYPE = YES_ERROR;
				GCC_WARN_UNDECLARED_SELECTOR = YES;
				GCC_WARN_UNINITIALIZED_AUTOS = YES_AGGRESSIVE;
				GCC_WARN_UNUSED_FUNCTION = YES;
				GCC_WARN_UNUSED_VARIABLE = YES;
				IPHONEOS_DEPLOYMENT_TARGET = 13.2;
				MTL_ENABLE_DEBUG_INFO = NO;
				MTL_FAST_MATH = YES;
				SDKROOT = iphoneos;
				SWIFT_COMPILATION_MODE = wholemodule;
				SWIFT_OPTIMIZATION_LEVEL = "-O";
				VALIDATE_PRODUCT = YES;
			};
			name = Release;
		};
		8D392E0823D318E90075285D /* Debug */ = {
			isa = XCBuildConfiguration;
			buildSettings = {
				ASSETCATALOG_COMPILER_APPICON_NAME = AppIcon;
				CODE_SIGN_STYLE = Automatic;
				DEVELOPMENT_TEAM = 8V9298F7HL;
				INFOPLIST_FILE = TikTokUI/Info.plist;
				LD_RUNPATH_SEARCH_PATHS = (
					"$(inherited)",
					"@executable_path/Frameworks",
				);
				PRODUCT_BUNDLE_IDENTIFIER = mori.TikTokUI;
				PRODUCT_NAME = "$(TARGET_NAME)";
				SWIFT_VERSION = 5.0;
				TARGETED_DEVICE_FAMILY = "1,2";
			};
			name = Debug;
		};
		8D392E0923D318E90075285D /* Release */ = {
			isa = XCBuildConfiguration;
			buildSettings = {
				ASSETCATALOG_COMPILER_APPICON_NAME = AppIcon;
				CODE_SIGN_STYLE = Automatic;
				DEVELOPMENT_TEAM = 8V9298F7HL;
				INFOPLIST_FILE = TikTokUI/Info.plist;
				LD_RUNPATH_SEARCH_PATHS = (
					"$(inherited)",
					"@executable_path/Frameworks",
				);
				PRODUCT_BUNDLE_IDENTIFIER = mori.TikTokUI;
				PRODUCT_NAME = "$(TARGET_NAME)";
				SWIFT_VERSION = 5.0;
				TARGETED_DEVICE_FAMILY = "1,2";
			};
			name = Release;
		};
		8D392E0B23D318E90075285D /* Debug */ = {
			isa = XCBuildConfiguration;
			buildSettings = {
				ALWAYS_EMBED_SWIFT_STANDARD_LIBRARIES = YES;
				BUNDLE_LOADER = "$(TEST_HOST)";
				CODE_SIGN_STYLE = Automatic;
				DEVELOPMENT_TEAM = 8V9298F7HL;
				INFOPLIST_FILE = TikTokUITests/Info.plist;
				IPHONEOS_DEPLOYMENT_TARGET = 13.2;
				LD_RUNPATH_SEARCH_PATHS = (
					"$(inherited)",
					"@executable_path/Frameworks",
					"@loader_path/Frameworks",
				);
				PRODUCT_BUNDLE_IDENTIFIER = mori.TikTokUITests;
				PRODUCT_NAME = "$(TARGET_NAME)";
				SWIFT_VERSION = 5.0;
				TARGETED_DEVICE_FAMILY = "1,2";
				TEST_HOST = "$(BUILT_PRODUCTS_DIR)/TikTokUI.app/TikTokUI";
			};
			name = Debug;
		};
		8D392E0C23D318E90075285D /* Release */ = {
			isa = XCBuildConfiguration;
			buildSettings = {
				ALWAYS_EMBED_SWIFT_STANDARD_LIBRARIES = YES;
				BUNDLE_LOADER = "$(TEST_HOST)";
				CODE_SIGN_STYLE = Automatic;
				DEVELOPMENT_TEAM = 8V9298F7HL;
				INFOPLIST_FILE = TikTokUITests/Info.plist;
				IPHONEOS_DEPLOYMENT_TARGET = 13.2;
				LD_RUNPATH_SEARCH_PATHS = (
					"$(inherited)",
					"@executable_path/Frameworks",
					"@loader_path/Frameworks",
				);
				PRODUCT_BUNDLE_IDENTIFIER = mori.TikTokUITests;
				PRODUCT_NAME = "$(TARGET_NAME)";
				SWIFT_VERSION = 5.0;
				TARGETED_DEVICE_FAMILY = "1,2";
				TEST_HOST = "$(BUILT_PRODUCTS_DIR)/TikTokUI.app/TikTokUI";
			};
			name = Release;
		};
		8D392E0E23D318E90075285D /* Debug */ = {
			isa = XCBuildConfiguration;
			buildSettings = {
				ALWAYS_EMBED_SWIFT_STANDARD_LIBRARIES = YES;
				CODE_SIGN_STYLE = Automatic;
				DEVELOPMENT_TEAM = 8V9298F7HL;
				INFOPLIST_FILE = TikTokUIUITests/Info.plist;
				LD_RUNPATH_SEARCH_PATHS = (
					"$(inherited)",
					"@executable_path/Frameworks",
					"@loader_path/Frameworks",
				);
				PRODUCT_BUNDLE_IDENTIFIER = mori.TikTokUIUITests;
				PRODUCT_NAME = "$(TARGET_NAME)";
				SWIFT_VERSION = 5.0;
				TARGETED_DEVICE_FAMILY = "1,2";
				TEST_TARGET_NAME = TikTokUI;
			};
			name = Debug;
		};
		8D392E0F23D318E90075285D /* Release */ = {
			isa = XCBuildConfiguration;
			buildSettings = {
				ALWAYS_EMBED_SWIFT_STANDARD_LIBRARIES = YES;
				CODE_SIGN_STYLE = Automatic;
				DEVELOPMENT_TEAM = 8V9298F7HL;
				INFOPLIST_FILE = TikTokUIUITests/Info.plist;
				LD_RUNPATH_SEARCH_PATHS = (
					"$(inherited)",
					"@executable_path/Frameworks",
					"@loader_path/Frameworks",
				);
				PRODUCT_BUNDLE_IDENTIFIER = mori.TikTokUIUITests;
				PRODUCT_NAME = "$(TARGET_NAME)";
				SWIFT_VERSION = 5.0;
				TARGETED_DEVICE_FAMILY = "1,2";
				TEST_TARGET_NAME = TikTokUI;
			};
			name = Release;
		};
/* End XCBuildConfiguration section */

/* Begin XCConfigurationList section */
		8D392DD823D318E70075285D /* Build configuration list for PBXProject "TikTokUI" */ = {
			isa = XCConfigurationList;
			buildConfigurations = (
				8D392E0523D318E90075285D /* Debug */,
				8D392E0623D318E90075285D /* Release */,
			);
			defaultConfigurationIsVisible = 0;
			defaultConfigurationName = Release;
		};
		8D392E0723D318E90075285D /* Build configuration list for PBXNativeTarget "TikTokUI" */ = {
			isa = XCConfigurationList;
			buildConfigurations = (
				8D392E0823D318E90075285D /* Debug */,
				8D392E0923D318E90075285D /* Release */,
			);
			defaultConfigurationIsVisible = 0;
			defaultConfigurationName = Release;
		};
		8D392E0A23D318E90075285D /* Build configuration list for PBXNativeTarget "TikTokUITests" */ = {
			isa = XCConfigurationList;
			buildConfigurations = (
				8D392E0B23D318E90075285D /* Debug */,
				8D392E0C23D318E90075285D /* Release */,
			);
			defaultConfigurationIsVisible = 0;
			defaultConfigurationName = Release;
		};
		8D392E0D23D318E90075285D /* Build configuration list for PBXNativeTarget "TikTokUIUITests" */ = {
			isa = XCConfigurationList;
			buildConfigurations = (
				8D392E0E23D318E90075285D /* Debug */,
				8D392E0F23D318E90075285D /* Release */,
			);
			defaultConfigurationIsVisible = 0;
			defaultConfigurationName = Release;
		};
/* End XCConfigurationList section */
	};
	rootObject = 8D392DD523D318E70075285D /* Project object */;
}
