// !$*UTF8*$!
{
	archiveVersion = 1;
	classes = {
	};
	objectVersion = 51;
	objects = {

/* Begin PBXBuildFile section */
		8D392DE123D318E70075285D /* AppDelegate.swift in Sources */ = {isa = PBXBuildFile; fileRef = 8D392DE023D318E70075285D /* AppDelegate.swift */; };
		8D392DE323D318E70075285D /* SceneDelegate.swift in Sources */ = {isa = PBXBuildFile; fileRef = 8D392DE223D318E70075285D /* SceneDelegate.swift */; };
		8D392DE523D318E70075285D /* ViewController.swift in Sources */ = {isa = PBXBuildFile; fileRef = 8D392DE423D318E70075285D /* ViewController.swift */; };
		8D392DE823D318E70075285D /* Main.storyboard in Resources */ = {isa = PBXBuildFile; fileRef = 8D392DE623D318E70075285D /* Main.storyboard */; };
		8D392DEA23D318E90075285D /* Assets.xcassets in Resources */ = {isa = PBXBuildFile; fileRef = 8D392DE923D318E90075285D /* Assets.xcassets */; };
		8D392DED23D318E90075285D /* LaunchScreen.storyboard in Resources */ = {isa = PBXBuildFile; fileRef = 8D392DEB23D318E90075285D /* LaunchScreen.storyboard */; };
		8D392DF823D318E90075285D /* TikTokUITests.swift in Sources */ = {isa = PBXBuildFile; fileRef = 8D392DF723D318E90075285D /* TikTokUITests.swift */; };
		8D392E0323D318E90075285D /* TikTokUIUITests.swift in Sources */ = {isa = PBXBuildFile; fileRef = 8D392E0223D318E90075285D /* TikTokUIUITests.swift */; };
		8D392E2123D32BE50075285D /* FeedView.storyboard in Resources */ = {isa = PBXBuildFile; fileRef = 8D392E2023D32BE50075285D /* FeedView.storyboard */; };
		8D392E2323D355030075285D /* FeedTabView.storyboard in Resources */ = {isa = PBXBuildFile; fileRef = 8D392E2223D355030075285D /* FeedTabView.storyboard */; };
		8D392E3723D36EE60075285D /* SwinjectStoryboard.framework in Frameworks */ = {isa = PBXBuildFile; fileRef = 8D392E2523D36EE60075285D /* SwinjectStoryboard.framework */; };
		8D392E3823D36EE60075285D /* SwinjectStoryboard.framework in Embed Frameworks */ = {isa = PBXBuildFile; fileRef = 8D392E2523D36EE60075285D /* SwinjectStoryboard.framework */; settings = {ATTRIBUTES = (CodeSignOnCopy, RemoveHeadersOnCopy, ); }; };
		8D392E3B23D36EE60075285D /* Lottie.framework in Frameworks */ = {isa = PBXBuildFile; fileRef = 8D392E2723D36EE60075285D /* Lottie.framework */; };
		8D392E3C23D36EE60075285D /* Lottie.framework in Embed Frameworks */ = {isa = PBXBuildFile; fileRef = 8D392E2723D36EE60075285D /* Lottie.framework */; settings = {ATTRIBUTES = (CodeSignOnCopy, RemoveHeadersOnCopy, ); }; };
		8D392E3D23D36EE60075285D /* XLPagerTabStrip.framework in Frameworks */ = {isa = PBXBuildFile; fileRef = 8D392E2823D36EE60075285D /* XLPagerTabStrip.framework */; };
		8D392E3E23D36EE60075285D /* XLPagerTabStrip.framework in Embed Frameworks */ = {isa = PBXBuildFile; fileRef = 8D392E2823D36EE60075285D /* XLPagerTabStrip.framework */; settings = {ATTRIBUTES = (CodeSignOnCopy, RemoveHeadersOnCopy, ); }; };
		8D392E3F23D36EE60075285D /* RxCocoa.framework in Frameworks */ = {isa = PBXBuildFile; fileRef = 8D392E2923D36EE60075285D /* RxCocoa.framework */; };
		8D392E4023D36EE60075285D /* RxCocoa.framework in Embed Frameworks */ = {isa = PBXBuildFile; fileRef = 8D392E2923D36EE60075285D /* RxCocoa.framework */; settings = {ATTRIBUTES = (CodeSignOnCopy, RemoveHeadersOnCopy, ); }; };
		8D392E4123D36EE70075285D /* Swinject.framework in Frameworks */ = {isa = PBXBuildFile; fileRef = 8D392E2A23D36EE60075285D /* Swinject.framework */; };
		8D392E4223D36EE70075285D /* Swinject.framework in Embed Frameworks */ = {isa = PBXBuildFile; fileRef = 8D392E2A23D36EE60075285D /* Swinject.framework */; settings = {ATTRIBUTES = (CodeSignOnCopy, RemoveHeadersOnCopy, ); }; };
		8D392E4323D36EE70075285D /* RxRelay.framework in Frameworks */ = {isa = PBXBuildFile; fileRef = 8D392E2B23D36EE60075285D /* RxRelay.framework */; };
		8D392E4423D36EE70075285D /* RxRelay.framework in Embed Frameworks */ = {isa = PBXBuildFile; fileRef = 8D392E2B23D36EE60075285D /* RxRelay.framework */; settings = {ATTRIBUTES = (CodeSignOnCopy, RemoveHeadersOnCopy, ); }; };
		8D392E4523D36EE70075285D /* RxSwift.framework in Frameworks */ = {isa = PBXBuildFile; fileRef = 8D392E2C23D36EE60075285D /* RxSwift.framework */; };
		8D392E4623D36EE70075285D /* RxSwift.framework in Embed Frameworks */ = {isa = PBXBuildFile; fileRef = 8D392E2C23D36EE60075285D /* RxSwift.framework */; settings = {ATTRIBUTES = (CodeSignOnCopy, RemoveHeadersOnCopy, ); }; };
		8D392E4723D36EE70075285D /* SDWebImageMapKit.framework in Frameworks */ = {isa = PBXBuildFile; fileRef = 8D392E2D23D36EE60075285D /* SDWebImageMapKit.framework */; };
		8D392E4823D36EE70075285D /* SDWebImageMapKit.framework in Embed Frameworks */ = {isa = PBXBuildFile; fileRef = 8D392E2D23D36EE60075285D /* SDWebImageMapKit.framework */; settings = {ATTRIBUTES = (CodeSignOnCopy, RemoveHeadersOnCopy, ); }; };
		8D392E4923D36EE70075285D /* SwinjectAutoregistration.framework in Frameworks */ = {isa = PBXBuildFile; fileRef = 8D392E2E23D36EE60075285D /* SwinjectAutoregistration.framework */; };
		8D392E4A23D36EE70075285D /* SwinjectAutoregistration.framework in Embed Frameworks */ = {isa = PBXBuildFile; fileRef = 8D392E2E23D36EE60075285D /* SwinjectAutoregistration.framework */; settings = {ATTRIBUTES = (CodeSignOnCopy, RemoveHeadersOnCopy, ); }; };
		8D392E4D23D36EE70075285D /* RxDataSources.framework in Frameworks */ = {isa = PBXBuildFile; fileRef = 8D392E3023D36EE60075285D /* RxDataSources.framework */; };
		8D392E4E23D36EE70075285D /* RxDataSources.framework in Embed Frameworks */ = {isa = PBXBuildFile; fileRef = 8D392E3023D36EE60075285D /* RxDataSources.framework */; settings = {ATTRIBUTES = (CodeSignOnCopy, RemoveHeadersOnCopy, ); }; };
		8D392E4F23D36EE70075285D /* ReactorKitRuntime.framework in Frameworks */ = {isa = PBXBuildFile; fileRef = 8D392E3123D36EE60075285D /* ReactorKitRuntime.framework */; };
		8D392E5023D36EE70075285D /* ReactorKitRuntime.framework in Embed Frameworks */ = {isa = PBXBuildFile; fileRef = 8D392E3123D36EE60075285D /* ReactorKitRuntime.framework */; settings = {ATTRIBUTES = (CodeSignOnCopy, RemoveHeadersOnCopy, ); }; };
		8D392E5123D36EE70075285D /* RxOptional.framework in Frameworks */ = {isa = PBXBuildFile; fileRef = 8D392E3223D36EE60075285D /* RxOptional.framework */; };
		8D392E5223D36EE70075285D /* RxOptional.framework in Embed Frameworks */ = {isa = PBXBuildFile; fileRef = 8D392E3223D36EE60075285D /* RxOptional.framework */; settings = {ATTRIBUTES = (CodeSignOnCopy, RemoveHeadersOnCopy, ); }; };
		8D392E5323D36EE70075285D /* SwiftyGif.framework in Frameworks */ = {isa = PBXBuildFile; fileRef = 8D392E3323D36EE60075285D /* SwiftyGif.framework */; };
		8D392E5423D36EE70075285D /* SwiftyGif.framework in Embed Frameworks */ = {isa = PBXBuildFile; fileRef = 8D392E3323D36EE60075285D /* SwiftyGif.framework */; settings = {ATTRIBUTES = (CodeSignOnCopy, RemoveHeadersOnCopy, ); }; };
		8D392E5523D36EE70075285D /* SDWebImage.framework in Frameworks */ = {isa = PBXBuildFile; fileRef = 8D392E3423D36EE60075285D /* SDWebImage.framework */; };
		8D392E5623D36EE70075285D /* SDWebImage.framework in Embed Frameworks */ = {isa = PBXBuildFile; fileRef = 8D392E3423D36EE60075285D /* SDWebImage.framework */; settings = {ATTRIBUTES = (CodeSignOnCopy, RemoveHeadersOnCopy, ); }; };
		8D392E5723D36EE70075285D /* ReactorKit.framework in Frameworks */ = {isa = PBXBuildFile; fileRef = 8D392E3523D36EE60075285D /* ReactorKit.framework */; };
		8D392E5823D36EE70075285D /* ReactorKit.framework in Embed Frameworks */ = {isa = PBXBuildFile; fileRef = 8D392E3523D36EE60075285D /* ReactorKit.framework */; settings = {ATTRIBUTES = (CodeSignOnCopy, RemoveHeadersOnCopy, ); }; };
		8D392E5923D36EE80075285D /* Differentiator.framework in Frameworks */ = {isa = PBXBuildFile; fileRef = 8D392E3623D36EE60075285D /* Differentiator.framework */; };
		8D392E5A23D36EE80075285D /* Differentiator.framework in Embed Frameworks */ = {isa = PBXBuildFile; fileRef = 8D392E3623D36EE60075285D /* Differentiator.framework */; settings = {ATTRIBUTES = (CodeSignOnCopy, RemoveHeadersOnCopy, ); }; };
		8D392E5F23D389350075285D /* MainFeedMovieCell.swift in Sources */ = {isa = PBXBuildFile; fileRef = 8D392E5E23D389350075285D /* MainFeedMovieCell.swift */; };
		8D392E6223D389590075285D /* MainFeedMovieCell.xib in Resources */ = {isa = PBXBuildFile; fileRef = 8D392E6123D389590075285D /* MainFeedMovieCell.xib */; };
/* End PBXBuildFile section */

/* Begin PBXContainerItemProxy section */
		8D392DF423D318E90075285D /* PBXContainerItemProxy */ = {
			isa = PBXContainerItemProxy;
			containerPortal = 8D392DD523D318E70075285D /* Project object */;
			proxyType = 1;
			remoteGlobalIDString = 8D392DDC23D318E70075285D;
			remoteInfo = TikTokUI;
		};
		8D392DFF23D318E90075285D /* PBXContainerItemProxy */ = {
			isa = PBXContainerItemProxy;
			containerPortal = 8D392DD523D318E70075285D /* Project object */;
			proxyType = 1;
			remoteGlobalIDString = 8D392DDC23D318E70075285D;
			remoteInfo = TikTokUI;
		};
/* End PBXContainerItemProxy section */

/* Begin PBXCopyFilesBuildPhase section */
		8D392E5B23D36EE80075285D /* Embed Frameworks */ = {
			isa = PBXCopyFilesBuildPhase;
			buildActionMask = 2147483647;
			dstPath = "";
			dstSubfolderSpec = 10;
			files = (
				8D392E5223D36EE70075285D /* RxOptional.framework in Embed Frameworks */,
				8D392E3E23D36EE60075285D /* XLPagerTabStrip.framework in Embed Frameworks */,
				8D392E3823D36EE60075285D /* SwinjectStoryboard.framework in Embed Frameworks */,
				8D392E4E23D36EE70075285D /* RxDataSources.framework in Embed Frameworks */,
				8D392E4223D36EE70075285D /* Swinject.framework in Embed Frameworks */,
				8D392E4623D36EE70075285D /* RxSwift.framework in Embed Frameworks */,
				8D392E4A23D36EE70075285D /* SwinjectAutoregistration.framework in Embed Frameworks */,
				8D392E5623D36EE70075285D /* SDWebImage.framework in Embed Frameworks */,
				8D392E4423D36EE70075285D /* RxRelay.framework in Embed Frameworks */,
				8D392E5423D36EE70075285D /* SwiftyGif.framework in Embed Frameworks */,
				8D392E5A23D36EE80075285D /* Differentiator.framework in Embed Frameworks */,
				8D392E4023D36EE60075285D /* RxCocoa.framework in Embed Frameworks */,
				8D392E5823D36EE70075285D /* ReactorKit.framework in Embed Frameworks */,
				8D392E5023D36EE70075285D /* ReactorKitRuntime.framework in Embed Frameworks */,
				8D392E4823D36EE70075285D /* SDWebImageMapKit.framework in Embed Frameworks */,
				8D392E3C23D36EE60075285D /* Lottie.framework in Embed Frameworks */,
			);
			name = "Embed Frameworks";
			runOnlyForDeploymentPostprocessing = 0;
		};
/* End PBXCopyFilesBuildPhase section */

/* Begin PBXFileReference section */
		8D392DDD23D318E70075285D /* TikTokUI.app */ = {isa = PBXFileReference; explicitFileType = wrapper.application; includeInIndex = 0; path = TikTokUI.app; sourceTree = BUILT_PRODUCTS_DIR; };
		8D392DE023D318E70075285D /* AppDelegate.swift */ = {isa = PBXFileReference; lastKnownFileType = sourcecode.swift; path = AppDelegate.swift; sourceTree = "<group>"; };
		8D392DE223D318E70075285D /* SceneDelegate.swift */ = {isa = PBXFileReference; lastKnownFileType = sourcecode.swift; path = SceneDelegate.swift; sourceTree = "<group>"; };
		8D392DE423D318E70075285D /* ViewController.swift */ = {isa = PBXFileReference; lastKnownFileType = sourcecode.swift; path = ViewController.swift; sourceTree = "<group>"; };
		8D392DE723D318E70075285D /* Base */ = {isa = PBXFileReference; lastKnownFileType = file.storyboard; name = Base; path = Base.lproj/Main.storyboard; sourceTree = "<group>"; };
		8D392DE923D318E90075285D /* Assets.xcassets */ = {isa = PBXFileReference; lastKnownFileType = folder.assetcatalog; path = Assets.xcassets; sourceTree = "<group>"; };
		8D392DEC23D318E90075285D /* Base */ = {isa = PBXFileReference; lastKnownFileType = file.storyboard; name = Base; path = Base.lproj/LaunchScreen.storyboard; sourceTree = "<group>"; };
		8D392DEE23D318E90075285D /* Info.plist */ = {isa = PBXFileReference; lastKnownFileType = text.plist.xml; path = Info.plist; sourceTree = "<group>"; };
		8D392DF323D318E90075285D /* TikTokUITests.xctest */ = {isa = PBXFileReference; explicitFileType = wrapper.cfbundle; includeInIndex = 0; path = TikTokUITests.xctest; sourceTree = BUILT_PRODUCTS_DIR; };
		8D392DF723D318E90075285D /* TikTokUITests.swift */ = {isa = PBXFileReference; lastKnownFileType = sourcecode.swift; path = TikTokUITests.swift; sourceTree = "<group>"; };
		8D392DF923D318E90075285D /* Info.plist */ = {isa = PBXFileReference; lastKnownFileType = text.plist.xml; path = Info.plist; sourceTree = "<group>"; };
		8D392DFE23D318E90075285D /* TikTokUIUITests.xctest */ = {isa = PBXFileReference; explicitFileType = wrapper.cfbundle; includeInIndex = 0; path = TikTokUIUITests.xctest; sourceTree = BUILT_PRODUCTS_DIR; };
		8D392E0223D318E90075285D /* TikTokUIUITests.swift */ = {isa = PBXFileReference; lastKnownFileType = sourcecode.swift; path = TikTokUIUITests.swift; sourceTree = "<group>"; };
		8D392E0423D318E90075285D /* Info.plist */ = {isa = PBXFileReference; lastKnownFileType = text.plist.xml; path = Info.plist; sourceTree = "<group>"; };
		8D392E2023D32BE50075285D /* FeedView.storyboard */ = {isa = PBXFileReference; lastKnownFileType = file.storyboard; name = FeedView.storyboard; path = TikTokUI/UI/FeedView.storyboard; sourceTree = SOURCE_ROOT; };
		8D392E2223D355030075285D /* FeedTabView.storyboard */ = {isa = PBXFileReference; lastKnownFileType = file.storyboard; path = FeedTabView.storyboard; sourceTree = "<group>"; };
		8D392E2523D36EE60075285D /* SwinjectStoryboard.framework */ = {isa = PBXFileReference; lastKnownFileType = wrapper.framework; name = SwinjectStoryboard.framework; path = Carthage/Build/iOS/SwinjectStoryboard.framework; sourceTree = "<group>"; };
		8D392E2623D36EE60075285D /* RxTest.framework */ = {isa = PBXFileReference; lastKnownFileType = wrapper.framework; name = RxTest.framework; path = Carthage/Build/iOS/RxTest.framework; sourceTree = "<group>"; };
		8D392E2723D36EE60075285D /* Lottie.framework */ = {isa = PBXFileReference; lastKnownFileType = wrapper.framework; name = Lottie.framework; path = Carthage/Build/iOS/Lottie.framework; sourceTree = "<group>"; };
		8D392E2823D36EE60075285D /* XLPagerTabStrip.framework */ = {isa = PBXFileReference; lastKnownFileType = wrapper.framework; name = XLPagerTabStrip.framework; path = Carthage/Build/iOS/XLPagerTabStrip.framework; sourceTree = "<group>"; };
		8D392E2923D36EE60075285D /* RxCocoa.framework */ = {isa = PBXFileReference; lastKnownFileType = wrapper.framework; name = RxCocoa.framework; path = Carthage/Build/iOS/RxCocoa.framework; sourceTree = "<group>"; };
		8D392E2A23D36EE60075285D /* Swinject.framework */ = {isa = PBXFileReference; lastKnownFileType = wrapper.framework; name = Swinject.framework; path = Carthage/Build/iOS/Swinject.framework; sourceTree = "<group>"; };
		8D392E2B23D36EE60075285D /* RxRelay.framework */ = {isa = PBXFileReference; lastKnownFileType = wrapper.framework; name = RxRelay.framework; path = Carthage/Build/iOS/RxRelay.framework; sourceTree = "<group>"; };
		8D392E2C23D36EE60075285D /* RxSwift.framework */ = {isa = PBXFileReference; lastKnownFileType = wrapper.framework; name = RxSwift.framework; path = Carthage/Build/iOS/RxSwift.framework; sourceTree = "<group>"; };
		8D392E2D23D36EE60075285D /* SDWebImageMapKit.framework */ = {isa = PBXFileReference; lastKnownFileType = wrapper.framework; name = SDWebImageMapKit.framework; path = Carthage/Build/iOS/SDWebImageMapKit.framework; sourceTree = "<group>"; };
		8D392E2E23D36EE60075285D /* SwinjectAutoregistration.framework */ = {isa = PBXFileReference; lastKnownFileType = wrapper.framework; name = SwinjectAutoregistration.framework; path = Carthage/Build/iOS/SwinjectAutoregistration.framework; sourceTree = "<group>"; };
		8D392E2F23D36EE60075285D /* RxBlocking.framework */ = {isa = PBXFileReference; lastKnownFileType = wrapper.framework; name = RxBlocking.framework; path = Carthage/Build/iOS/RxBlocking.framework; sourceTree = "<group>"; };
		8D392E3023D36EE60075285D /* RxDataSources.framework */ = {isa = PBXFileReference; lastKnownFileType = wrapper.framework; name = RxDataSources.framework; path = Carthage/Build/iOS/RxDataSources.framework; sourceTree = "<group>"; };
		8D392E3123D36EE60075285D /* ReactorKitRuntime.framework */ = {isa = PBXFileReference; lastKnownFileType = wrapper.framework; name = ReactorKitRuntime.framework; path = Carthage/Build/iOS/ReactorKitRuntime.framework; sourceTree = "<group>"; };
		8D392E3223D36EE60075285D /* RxOptional.framework */ = {isa = PBXFileReference; lastKnownFileType = wrapper.framework; name = RxOptional.framework; path = Carthage/Build/iOS/RxOptional.framework; sourceTree = "<group>"; };
		8D392E3323D36EE60075285D /* SwiftyGif.framework */ = {isa = PBXFileReference; lastKnownFileType = wrapper.framework; name = SwiftyGif.framework; path = Carthage/Build/iOS/SwiftyGif.framework; sourceTree = "<group>"; };
		8D392E3423D36EE60075285D /* SDWebImage.framework */ = {isa = PBXFileReference; lastKnownFileType = wrapper.framework; name = SDWebImage.framework; path = Carthage/Build/iOS/SDWebImage.framework; sourceTree = "<group>"; };
		8D392E3523D36EE60075285D /* ReactorKit.framework */ = {isa = PBXFileReference; lastKnownFileType = wrapper.framework; name = ReactorKit.framework; path = Carthage/Build/iOS/ReactorKit.framework; sourceTree = "<group>"; };
		8D392E3623D36EE60075285D /* Differentiator.framework */ = {isa = PBXFileReference; lastKnownFileType = wrapper.framework; name = Differentiator.framework; path = Carthage/Build/iOS/Differentiator.framework; sourceTree = "<group>"; };
		8D392E5D23D370C00075285D /* CarthageInputFileLists.xcfilelist */ = {isa = PBXFileReference; lastKnownFileType = text.xcfilelist; path = CarthageInputFileLists.xcfilelist; sourceTree = "<group>"; };
		8D392E5E23D389350075285D /* MainFeedMovieCell.swift */ = {isa = PBXFileReference; lastKnownFileType = sourcecode.swift; path = MainFeedMovieCell.swift; sourceTree = "<group>"; };
		8D392E6123D389590075285D /* MainFeedMovieCell.xib */ = {isa = PBXFileReference; lastKnownFileType = file.xib; path = MainFeedMovieCell.xib; sourceTree = "<group>"; };
/* End PBXFileReference section */

/* Begin PBXFrameworksBuildPhase section */
		8D392DDA23D318E70075285D /* Frameworks */ = {
			isa = PBXFrameworksBuildPhase;
			buildActionMask = 2147483647;
			files = (
				8D392E5123D36EE70075285D /* RxOptional.framework in Frameworks */,
				8D392E3D23D36EE60075285D /* XLPagerTabStrip.framework in Frameworks */,
				8D392E3723D36EE60075285D /* SwinjectStoryboard.framework in Frameworks */,
				8D392E4D23D36EE70075285D /* RxDataSources.framework in Frameworks */,
				8D392E4123D36EE70075285D /* Swinject.framework in Frameworks */,
				8D392E4523D36EE70075285D /* RxSwift.framework in Frameworks */,
				8D392E4923D36EE70075285D /* SwinjectAutoregistration.framework in Frameworks */,
				8D392E5523D36EE70075285D /* SDWebImage.framework in Frameworks */,
				8D392E4323D36EE70075285D /* RxRelay.framework in Frameworks */,
				8D392E5323D36EE70075285D /* SwiftyGif.framework in Frameworks */,
				8D392E5923D36EE80075285D /* Differentiator.framework in Frameworks */,
				8D392E3F23D36EE60075285D /* RxCocoa.framework in Frameworks */,
				8D392E5723D36EE70075285D /* ReactorKit.framework in Frameworks */,
				8D392E4F23D36EE70075285D /* ReactorKitRuntime.framework in Frameworks */,
				8D392E4723D36EE70075285D /* SDWebImageMapKit.framework in Frameworks */,
				8D392E3B23D36EE60075285D /* Lottie.framework in Frameworks */,
			);
			runOnlyForDeploymentPostprocessing = 0;
		};
		8D392DF023D318E90075285D /* Frameworks */ = {
			isa = PBXFrameworksBuildPhase;
			buildActionMask = 2147483647;
			files = (
			);
			runOnlyForDeploymentPostprocessing = 0;
		};
		8D392DFB23D318E90075285D /* Frameworks */ = {
			isa = PBXFrameworksBuildPhase;
			buildActionMask = 2147483647;
			files = (
			);
			runOnlyForDeploymentPostprocessing = 0;
		};
/* End PBXFrameworksBuildPhase section */

/* Begin PBXGroup section */
		8D392DD423D318E70075285D = {
			isa = PBXGroup;
			children = (
				8D392E5D23D370C00075285D /* CarthageInputFileLists.xcfilelist */,
				8D392DDF23D318E70075285D /* TikTokUI */,
				8D392DF623D318E90075285D /* TikTokUITests */,
				8D392E0123D318E90075285D /* TikTokUIUITests */,
				8D392DDE23D318E70075285D /* Products */,
				8D392E2423D36EE60075285D /* Frameworks */,
			);
			sourceTree = "<group>";
		};
		8D392DDE23D318E70075285D /* Products */ = {
			isa = PBXGroup;
			children = (
				8D392DDD23D318E70075285D /* TikTokUI.app */,
				8D392DF323D318E90075285D /* TikTokUITests.xctest */,
				8D392DFE23D318E90075285D /* TikTokUIUITests.xctest */,
			);
			name = Products;
			sourceTree = "<group>";
		};
		8D392DDF23D318E70075285D /* TikTokUI */ = {
			isa = PBXGroup;
			children = (
				8D392E1F23D31BEA0075285D /* Extensions */,
				8D392E1E23D31BD40075285D /* Presentables */,
				8D392E1D23D31BCB0075285D /* Coordinators */,
				8D392E1123D3199F0075285D /* Reactor */,
				8D392E1023D319710075285D /* UI */,
				8D392DE023D318E70075285D /* AppDelegate.swift */,
				8D392DE223D318E70075285D /* SceneDelegate.swift */,
				8D392DE423D318E70075285D /* ViewController.swift */,
				8D392DE623D318E70075285D /* Main.storyboard */,
				8D392DE923D318E90075285D /* Assets.xcassets */,
				8D392DEB23D318E90075285D /* LaunchScreen.storyboard */,
				8D392DEE23D318E90075285D /* Info.plist */,
			);
			path = TikTokUI;
			sourceTree = "<group>";
		};
		8D392DF623D318E90075285D /* TikTokUITests */ = {
			isa = PBXGroup;
			children = (
				8D392DF723D318E90075285D /* TikTokUITests.swift */,
				8D392DF923D318E90075285D /* Info.plist */,
			);
			path = TikTokUITests;
			sourceTree = "<group>";
		};
		8D392E0123D318E90075285D /* TikTokUIUITests */ = {
			isa = PBXGroup;
			children = (
				8D392E0223D318E90075285D /* TikTokUIUITests.swift */,
				8D392E0423D318E90075285D /* Info.plist */,
			);
			path = TikTokUIUITests;
			sourceTree = "<group>";
		};
		8D392E1023D319710075285D /* UI */ = {
			isa = PBXGroup;
			children = (
				8D392E1623D31AE80075285D /* Components */,
				8D392E1523D31AD40075285D /* Storyboards */,
				8D392E1323D31AA30075285D /* ViewControllers */,
			);
			path = UI;
			sourceTree = "<group>";
		};
		8D392E1123D3199F0075285D /* Reactor */ = {
			isa = PBXGroup;
			children = (
			);
			path = Reactor;
			sourceTree = "<group>";
		};
		8D392E1323D31AA30075285D /* ViewControllers */ = {
			isa = PBXGroup;
			children = (
				8D392E1C23D31BB10075285D /* Feed */,
				8D392E1B23D31B9F0075285D /* User */,
				8D392E1A23D31B170075285D /* Message */,
				8D392E1423D31AAA0075285D /* Trend */,
			);
			path = ViewControllers;
			sourceTree = "<group>";
		};
		8D392E1423D31AAA0075285D /* Trend */ = {
			isa = PBXGroup;
			children = (
			);
			path = Trend;
			sourceTree = "<group>";
		};
		8D392E1523D31AD40075285D /* Storyboards */ = {
			isa = PBXGroup;
			children = (
				8D392E2023D32BE50075285D /* FeedView.storyboard */,
				8D392E2223D355030075285D /* FeedTabView.storyboard */,
			);
			path = Storyboards;
			sourceTree = "<group>";
		};
		8D392E1623D31AE80075285D /* Components */ = {
			isa = PBXGroup;
			children = (
				8D392E1923D31B0B0075285D /* CustomViews */,
				8D392E1823D31B000075285D /* CollectionViewCells */,
				8D392E1723D31AF10075285D /* TableViewCells */,
			);
			path = Components;
			sourceTree = "<group>";
		};
		8D392E1723D31AF10075285D /* TableViewCells */ = {
			isa = PBXGroup;
			children = (
				8D392E6023D3893F0075285D /* MainFeedMovieCell */,
			);
			path = TableViewCells;
			sourceTree = "<group>";
		};
		8D392E1823D31B000075285D /* CollectionViewCells */ = {
			isa = PBXGroup;
			children = (
			);
			path = CollectionViewCells;
			sourceTree = "<group>";
		};
		8D392E1923D31B0B0075285D /* CustomViews */ = {
			isa = PBXGroup;
			children = (
			);
			path = CustomViews;
			sourceTree = "<group>";
		};
		8D392E1A23D31B170075285D /* Message */ = {
			isa = PBXGroup;
			children = (
			);
			path = Message;
			sourceTree = "<group>";
		};
		8D392E1B23D31B9F0075285D /* User */ = {
			isa = PBXGroup;
			children = (
			);
			path = User;
			sourceTree = "<group>";
		};
		8D392E1C23D31BB10075285D /* Feed */ = {
			isa = PBXGroup;
			children = (
			);
			path = Feed;
			sourceTree = "<group>";
		};
		8D392E1D23D31BCB0075285D /* Coordinators */ = {
			isa = PBXGroup;
			children = (
			);
			path = Coordinators;
			sourceTree = "<group>";
		};
		8D392E1E23D31BD40075285D /* Presentables */ = {
			isa = PBXGroup;
			children = (
			);
			path = Presentables;
			sourceTree = "<group>";
		};
		8D392E1F23D31BEA0075285D /* Extensions */ = {
			isa = PBXGroup;
			children = (
			);
			path = Extensions;
			sourceTree = "<group>";
		};
		8D392E2423D36EE60075285D /* Frameworks */ = {
			isa = PBXGroup;
			children = (
				8D392E3623D36EE60075285D /* Differentiator.framework */,
				8D392E2723D36EE60075285D /* Lottie.framework */,
				8D392E3523D36EE60075285D /* ReactorKit.framework */,
				8D392E3123D36EE60075285D /* ReactorKitRuntime.framework */,
				8D392E2F23D36EE60075285D /* RxBlocking.framework */,
				8D392E2923D36EE60075285D /* RxCocoa.framework */,
				8D392E3023D36EE60075285D /* RxDataSources.framework */,
				8D392E3223D36EE60075285D /* RxOptional.framework */,
				8D392E2B23D36EE60075285D /* RxRelay.framework */,
				8D392E2C23D36EE60075285D /* RxSwift.framework */,
				8D392E2623D36EE60075285D /* RxTest.framework */,
				8D392E3423D36EE60075285D /* SDWebImage.framework */,
				8D392E2D23D36EE60075285D /* SDWebImageMapKit.framework */,
				8D392E3323D36EE60075285D /* SwiftyGif.framework */,
				8D392E2A23D36EE60075285D /* Swinject.framework */,
				8D392E2E23D36EE60075285D /* SwinjectAutoregistration.framework */,
				8D392E2523D36EE60075285D /* SwinjectStoryboard.framework */,
				8D392E2823D36EE60075285D /* XLPagerTabStrip.framework */,
			);
			name = Frameworks;
			sourceTree = "<group>";
		};
		8D392E6023D3893F0075285D /* MainFeedMovieCell */ = {
			isa = PBXGroup;
			children = (
				8D392E5E23D389350075285D /* MainFeedMovieCell.swift */,
				8D392E6123D389590075285D /* MainFeedMovieCell.xib */,
			);
			path = MainFeedMovieCell;
			sourceTree = "<group>";
		};
/* End PBXGroup section */

/* Begin PBXNativeTarget section */
		8D392DDC23D318E70075285D /* TikTokUI */ = {
			isa = PBXNativeTarget;
			buildConfigurationList = 8D392E0723D318E90075285D /* Build configuration list for PBXNativeTarget "TikTokUI" */;
			buildPhases = (
				8D392DD923D318E70075285D /* Sources */,
				8D392DDA23D318E70075285D /* Frameworks */,
				8D392DDB23D318E70075285D /* Resources */,
				8D392E5B23D36EE80075285D /* Embed Frameworks */,
				8D392E5C23D36FCD0075285D /* Carthage */,
			);
			buildRules = (
			);
			dependencies = (
			);
			name = TikTokUI;
			productName = TikTokUI;
			productReference = 8D392DDD23D318E70075285D /* TikTokUI.app */;
			productType = "com.apple.product-type.application";
		};
		8D392DF223D318E90075285D /* TikTokUITests */ = {
			isa = PBXNativeTarget;
			buildConfigurationList = 8D392E0A23D318E90075285D /* Build configuration list for PBXNativeTarget "TikTokUITests" */;
			buildPhases = (
				8D392DEF23D318E90075285D /* Sources */,
				8D392DF023D318E90075285D /* Frameworks */,
				8D392DF123D318E90075285D /* Resources */,
			);
			buildRules = (
			);
			dependencies = (
				8D392DF523D318E90075285D /* PBXTargetDependency */,
			);
			name = TikTokUITests;
			productName = TikTokUITests;
			productReference = 8D392DF323D318E90075285D /* TikTokUITests.xctest */;
			productType = "com.apple.product-type.bundle.unit-test";
		};
		8D392DFD23D318E90075285D /* TikTokUIUITests */ = {
			isa = PBXNativeTarget;
			buildConfigurationList = 8D392E0D23D318E90075285D /* Build configuration list for PBXNativeTarget "TikTokUIUITests" */;
			buildPhases = (
				8D392DFA23D318E90075285D /* Sources */,
				8D392DFB23D318E90075285D /* Frameworks */,
				8D392DFC23D318E90075285D /* Resources */,
			);
			buildRules = (
			);
			dependencies = (
				8D392E0023D318E90075285D /* PBXTargetDependency */,
			);
			name = TikTokUIUITests;
			productName = TikTokUIUITests;
			productReference = 8D392DFE23D318E90075285D /* TikTokUIUITests.xctest */;
			productType = "com.apple.product-type.bundle.ui-testing";
		};
/* End PBXNativeTarget section */

/* Begin PBXProject section */
		8D392DD523D318E70075285D /* Project object */ = {
			isa = PBXProject;
			attributes = {
				LastSwiftUpdateCheck = 1120;
				LastUpgradeCheck = 1120;
				ORGANIZATIONNAME = Mori;
				TargetAttributes = {
					8D392DDC23D318E70075285D = {
						CreatedOnToolsVersion = 11.2.1;
					};
					8D392DF223D318E90075285D = {
						CreatedOnToolsVersion = 11.2.1;
						TestTargetID = 8D392DDC23D318E70075285D;
					};
					8D392DFD23D318E90075285D = {
						CreatedOnToolsVersion = 11.2.1;
						TestTargetID = 8D392DDC23D318E70075285D;
					};
				};
			};
			buildConfigurationList = 8D392DD823D318E70075285D /* Build configuration list for PBXProject "TikTokUI" */;
			compatibilityVersion = "Xcode 9.3";
			developmentRegion = en;
			hasScannedForEncodings = 0;
			knownRegions = (
				en,
				Base,
			);
			mainGroup = 8D392DD423D318E70075285D;
			productRefGroup = 8D392DDE23D318E70075285D /* Products */;
			projectDirPath = "";
			projectRoot = "";
			targets = (
				8D392DDC23D318E70075285D /* TikTokUI */,
				8D392DF223D318E90075285D /* TikTokUITests */,
				8D392DFD23D318E90075285D /* TikTokUIUITests */,
			);
		};
/* End PBXProject section */

/* Begin PBXResourcesBuildPhase section */
		8D392DDB23D318E70075285D /* Resources */ = {
			isa = PBXResourcesBuildPhase;
			buildActionMask = 2147483647;
			files = (
				8D392E2323D355030075285D /* FeedTabView.storyboard in Resources */,
				8D392E6223D389590075285D /* MainFeedMovieCell.xib in Resources */,
				8D392DED23D318E90075285D /* LaunchScreen.storyboard in Resources */,
				8D392E2123D32BE50075285D /* FeedView.storyboard in Resources */,
				8D392DEA23D318E90075285D /* Assets.xcassets in Resources */,
				8D392DE823D318E70075285D /* Main.storyboard in Resources */,
			);
			runOnlyForDeploymentPostprocessing = 0;
		};
		8D392DF123D318E90075285D /* Resources */ = {
			isa = PBXResourcesBuildPhase;
			buildActionMask = 2147483647;
			files = (
			);
			runOnlyForDeploymentPostprocessing = 0;
		};
		8D392DFC23D318E90075285D /* Resources */ = {
			isa = PBXResourcesBuildPhase;
			buildActionMask = 2147483647;
			files = (
			);
			runOnlyForDeploymentPostprocessing = 0;
		};
/* End PBXResourcesBuildPhase section */

/* Begin PBXShellScriptBuildPhase section */
		8D392E5C23D36FCD0075285D /* Carthage */ = {
			isa = PBXShellScriptBuildPhase;
			buildActionMask = 2147483647;
			files = (
			);
			inputFileListPaths = (
				"$(SRCROOT)/CarthageInputFileLists.xcfilelist",
			);
			inputPaths = (
			);
			name = Carthage;
			outputFileListPaths = (
			);
			outputPaths = (
			);
			runOnlyForDeploymentPostprocessing = 0;
			shellPath = /bin/sh;
			shellScript = "/usr/local/bin/carthage copy-frameworks\n";
		};
/* End PBXShellScriptBuildPhase section */

/* Begin PBXSourcesBuildPhase section */
		8D392DD923D318E70075285D /* Sources */ = {
			isa = PBXSourcesBuildPhase;
			buildActionMask = 2147483647;
			files = (
				8D392DE523D318E70075285D /* ViewController.swift in Sources */,
				8D392DE123D318E70075285D /* AppDelegate.swift in Sources */,
				8D392DE323D318E70075285D /* SceneDelegate.swift in Sources */,
				8D392E5F23D389350075285D /* MainFeedMovieCell.swift in Sources */,
			);
			runOnlyForDeploymentPostprocessing = 0;
		};
		8D392DEF23D318E90075285D /* Sources */ = {
			isa = PBXSourcesBuildPhase;
			buildActionMask = 2147483647;
			files = (
				8D392DF823D318E90075285D /* TikTokUITests.swift in Sources */,
			);
			runOnlyForDeploymentPostprocessing = 0;
		};
		8D392DFA23D318E90075285D /* Sources */ = {
			isa = PBXSourcesBuildPhase;
			buildActionMask = 2147483647;
			files = (
				8D392E0323D318E90075285D /* TikTokUIUITests.swift in Sources */,
			);
			runOnlyForDeploymentPostprocessing = 0;
		};
/* End PBXSourcesBuildPhase section */

/* Begin PBXTargetDependency section */
		8D392DF523D318E90075285D /* PBXTargetDependency */ = {
			isa = PBXTargetDependency;
			target = 8D392DDC23D318E70075285D /* TikTokUI */;
			targetProxy = 8D392DF423D318E90075285D /* PBXContainerItemProxy */;
		};
		8D392E0023D318E90075285D /* PBXTargetDependency */ = {
			isa = PBXTargetDependency;
			target = 8D392DDC23D318E70075285D /* TikTokUI */;
			targetProxy = 8D392DFF23D318E90075285D /* PBXContainerItemProxy */;
		};
/* End PBXTargetDependency section */

/* Begin PBXVariantGroup section */
		8D392DE623D318E70075285D /* Main.storyboard */ = {
			isa = PBXVariantGroup;
			children = (
				8D392DE723D318E70075285D /* Base */,
			);
			name = Main.storyboard;
			sourceTree = "<group>";
		};
		8D392DEB23D318E90075285D /* LaunchScreen.storyboard */ = {
			isa = PBXVariantGroup;
			children = (
				8D392DEC23D318E90075285D /* Base */,
			);
			name = LaunchScreen.storyboard;
			sourceTree = "<group>";
		};
/* End PBXVariantGroup section */

/* Begin XCBuildConfiguration section */
		8D392E0523D318E90075285D /* Debug */ = {
			isa = XCBuildConfiguration;
			buildSettings = {
				ALWAYS_SEARCH_USER_PATHS = NO;
				CLANG_ANALYZER_NONNULL = YES;
				CLANG_ANALYZER_NUMBER_OBJECT_CONVERSION = YES_AGGRESSIVE;
				CLANG_CXX_LANGUAGE_STANDARD = "gnu++14";
				CLANG_CXX_LIBRARY = "libc++";
				CLANG_ENABLE_MODULES = YES;
				CLANG_ENABLE_OBJC_ARC = YES;
				CLANG_ENABLE_OBJC_WEAK = YES;
				CLANG_WARN_BLOCK_CAPTURE_AUTORELEASING = YES;
				CLANG_WARN_BOOL_CONVERSION = YES;
				CLANG_WARN_COMMA = YES;
				CLANG_WARN_CONSTANT_CONVERSION = YES;
				CLANG_WARN_DEPRECATED_OBJC_IMPLEMENTATIONS = YES;
				CLANG_WARN_DIRECT_OBJC_ISA_USAGE = YES_ERROR;
				CLANG_WARN_DOCUMENTATION_COMMENTS = YES;
				CLANG_WARN_EMPTY_BODY = YES;
				CLANG_WARN_ENUM_CONVERSION = YES;
				CLANG_WARN_INFINITE_RECURSION = YES;
				CLANG_WARN_INT_CONVERSION = YES;
				CLANG_WARN_NON_LITERAL_NULL_CONVERSION = YES;
				CLANG_WARN_OBJC_IMPLICIT_RETAIN_SELF = YES;
				CLANG_WARN_OBJC_LITERAL_CONVERSION = YES;
				CLANG_WARN_OBJC_ROOT_CLASS = YES_ERROR;
				CLANG_WARN_RANGE_LOOP_ANALYSIS = YES;
				CLANG_WARN_STRICT_PROTOTYPES = YES;
				CLANG_WARN_SUSPICIOUS_MOVE = YES;
				CLANG_WARN_UNGUARDED_AVAILABILITY = YES_AGGRESSIVE;
				CLANG_WARN_UNREACHABLE_CODE = YES;
				CLANG_WARN__DUPLICATE_METHOD_MATCH = YES;
				COPY_PHASE_STRIP = NO;
				DEBUG_INFORMATION_FORMAT = dwarf;
				ENABLE_STRICT_OBJC_MSGSEND = YES;
				ENABLE_TESTABILITY = YES;
				GCC_C_LANGUAGE_STANDARD = gnu11;
				GCC_DYNAMIC_NO_PIC = NO;
				GCC_NO_COMMON_BLOCKS = YES;
				GCC_OPTIMIZATION_LEVEL = 0;
				GCC_PREPROCESSOR_DEFINITIONS = (
					"DEBUG=1",
					"$(inherited)",
				);
				GCC_WARN_64_TO_32_BIT_CONVERSION = YES;
				GCC_WARN_ABOUT_RETURN_TYPE = YES_ERROR;
				GCC_WARN_UNDECLARED_SELECTOR = YES;
				GCC_WARN_UNINITIALIZED_AUTOS = YES_AGGRESSIVE;
				GCC_WARN_UNUSED_FUNCTION = YES;
				GCC_WARN_UNUSED_VARIABLE = YES;
				IPHONEOS_DEPLOYMENT_TARGET = 13.2;
				MTL_ENABLE_DEBUG_INFO = INCLUDE_SOURCE;
				MTL_FAST_MATH = YES;
				ONLY_ACTIVE_ARCH = YES;
				SDKROOT = iphoneos;
				SWIFT_ACTIVE_COMPILATION_CONDITIONS = DEBUG;
				SWIFT_OPTIMIZATION_LEVEL = "-Onone";
			};
			name = Debug;
		};
		8D392E0623D318E90075285D /* Release */ = {
			isa = XCBuildConfiguration;
			buildSettings = {
				ALWAYS_SEARCH_USER_PATHS = NO;
				CLANG_ANALYZER_NONNULL = YES;
				CLANG_ANALYZER_NUMBER_OBJECT_CONVERSION = YES_AGGRESSIVE;
				CLANG_CXX_LANGUAGE_STANDARD = "gnu++14";
				CLANG_CXX_LIBRARY = "libc++";
				CLANG_ENABLE_MODULES = YES;
				CLANG_ENABLE_OBJC_ARC = YES;
				CLANG_ENABLE_OBJC_WEAK = YES;
				CLANG_WARN_BLOCK_CAPTURE_AUTORELEASING = YES;
				CLANG_WARN_BOOL_CONVERSION = YES;
				CLANG_WARN_COMMA = YES;
				CLANG_WARN_CONSTANT_CONVERSION = YES;
				CLANG_WARN_DEPRECATED_OBJC_IMPLEMENTATIONS = YES;
				CLANG_WARN_DIRECT_OBJC_ISA_USAGE = YES_ERROR;
				CLANG_WARN_DOCUMENTATION_COMMENTS = YES;
				CLANG_WARN_EMPTY_BODY = YES;
				CLANG_WARN_ENUM_CONVERSION = YES;
				CLANG_WARN_INFINITE_RECURSION = YES;
				CLANG_WARN_INT_CONVERSION = YES;
				CLANG_WARN_NON_LITERAL_NULL_CONVERSION = YES;
				CLANG_WARN_OBJC_IMPLICIT_RETAIN_SELF = YES;
				CLANG_WARN_OBJC_LITERAL_CONVERSION = YES;
				CLANG_WARN_OBJC_ROOT_CLASS = YES_ERROR;
				CLANG_WARN_RANGE_LOOP_ANALYSIS = YES;
				CLANG_WARN_STRICT_PROTOTYPES = YES;
				CLANG_WARN_SUSPICIOUS_MOVE = YES;
				CLANG_WARN_UNGUARDED_AVAILABILITY = YES_AGGRESSIVE;
				CLANG_WARN_UNREACHABLE_CODE = YES;
				CLANG_WARN__DUPLICATE_METHOD_MATCH = YES;
				COPY_PHASE_STRIP = NO;
				DEBUG_INFORMATION_FORMAT = "dwarf-with-dsym";
				ENABLE_NS_ASSERTIONS = NO;
				ENABLE_STRICT_OBJC_MSGSEND = YES;
				GCC_C_LANGUAGE_STANDARD = gnu11;
				GCC_NO_COMMON_BLOCKS = YES;
				GCC_WARN_64_TO_32_BIT_CONVERSION = YES;
				GCC_WARN_ABOUT_RETURN_TYPE = YES_ERROR;
				GCC_WARN_UNDECLARED_SELECTOR = YES;
				GCC_WARN_UNINITIALIZED_AUTOS = YES_AGGRESSIVE;
				GCC_WARN_UNUSED_FUNCTION = YES;
				GCC_WARN_UNUSED_VARIABLE = YES;
				IPHONEOS_DEPLOYMENT_TARGET = 13.2;
				MTL_ENABLE_DEBUG_INFO = NO;
				MTL_FAST_MATH = YES;
				SDKROOT = iphoneos;
				SWIFT_COMPILATION_MODE = wholemodule;
				SWIFT_OPTIMIZATION_LEVEL = "-O";
				VALIDATE_PRODUCT = YES;
			};
			name = Release;
		};
		8D392E0823D318E90075285D /* Debug */ = {
			isa = XCBuildConfiguration;
			buildSettings = {
				ASSETCATALOG_COMPILER_APPICON_NAME = AppIcon;
				CODE_SIGN_STYLE = Automatic;
				DEVELOPMENT_TEAM = 8V9298F7HL;
				FRAMEWORK_SEARCH_PATHS = (
					"$(inherited)",
					"$(PROJECT_DIR)/Carthage/Build/iOS",
				);
				INFOPLIST_FILE = TikTokUI/Info.plist;
				LD_RUNPATH_SEARCH_PATHS = (
					"$(inherited)",
					"@executable_path/Frameworks",
				);
				PRODUCT_BUNDLE_IDENTIFIER = mori.TikTokUI;
				PRODUCT_NAME = "$(TARGET_NAME)";
				SWIFT_VERSION = 5.0;
				TARGETED_DEVICE_FAMILY = "1,2";
			};
			name = Debug;
		};
		8D392E0923D318E90075285D /* Release */ = {
			isa = XCBuildConfiguration;
			buildSettings = {
				ASSETCATALOG_COMPILER_APPICON_NAME = AppIcon;
				CODE_SIGN_STYLE = Automatic;
				DEVELOPMENT_TEAM = 8V9298F7HL;
				FRAMEWORK_SEARCH_PATHS = (
					"$(inherited)",
					"$(PROJECT_DIR)/Carthage/Build/iOS",
				);
				INFOPLIST_FILE = TikTokUI/Info.plist;
				LD_RUNPATH_SEARCH_PATHS = (
					"$(inherited)",
					"@executable_path/Frameworks",
				);
				PRODUCT_BUNDLE_IDENTIFIER = mori.TikTokUI;
				PRODUCT_NAME = "$(TARGET_NAME)";
				SWIFT_VERSION = 5.0;
				TARGETED_DEVICE_FAMILY = "1,2";
			};
			name = Release;
		};
		8D392E0B23D318E90075285D /* Debug */ = {
			isa = XCBuildConfiguration;
			buildSettings = {
				ALWAYS_EMBED_SWIFT_STANDARD_LIBRARIES = YES;
				BUNDLE_LOADER = "$(TEST_HOST)";
				CODE_SIGN_STYLE = Automatic;
				DEVELOPMENT_TEAM = 8V9298F7HL;
				INFOPLIST_FILE = TikTokUITests/Info.plist;
				IPHONEOS_DEPLOYMENT_TARGET = 13.2;
				LD_RUNPATH_SEARCH_PATHS = (
					"$(inherited)",
					"@executable_path/Frameworks",
					"@loader_path/Frameworks",
				);
				PRODUCT_BUNDLE_IDENTIFIER = mori.TikTokUITests;
				PRODUCT_NAME = "$(TARGET_NAME)";
				SWIFT_VERSION = 5.0;
				TARGETED_DEVICE_FAMILY = "1,2";
				TEST_HOST = "$(BUILT_PRODUCTS_DIR)/TikTokUI.app/TikTokUI";
			};
			name = Debug;
		};
		8D392E0C23D318E90075285D /* Release */ = {
			isa = XCBuildConfiguration;
			buildSettings = {
				ALWAYS_EMBED_SWIFT_STANDARD_LIBRARIES = YES;
				BUNDLE_LOADER = "$(TEST_HOST)";
				CODE_SIGN_STYLE = Automatic;
				DEVELOPMENT_TEAM = 8V9298F7HL;
				INFOPLIST_FILE = TikTokUITests/Info.plist;
				IPHONEOS_DEPLOYMENT_TARGET = 13.2;
				LD_RUNPATH_SEARCH_PATHS = (
					"$(inherited)",
					"@executable_path/Frameworks",
					"@loader_path/Frameworks",
				);
				PRODUCT_BUNDLE_IDENTIFIER = mori.TikTokUITests;
				PRODUCT_NAME = "$(TARGET_NAME)";
				SWIFT_VERSION = 5.0;
				TARGETED_DEVICE_FAMILY = "1,2";
				TEST_HOST = "$(BUILT_PRODUCTS_DIR)/TikTokUI.app/TikTokUI";
			};
			name = Release;
		};
		8D392E0E23D318E90075285D /* Debug */ = {
			isa = XCBuildConfiguration;
			buildSettings = {
				ALWAYS_EMBED_SWIFT_STANDARD_LIBRARIES = YES;
				CODE_SIGN_STYLE = Automatic;
				DEVELOPMENT_TEAM = 8V9298F7HL;
				INFOPLIST_FILE = TikTokUIUITests/Info.plist;
				LD_RUNPATH_SEARCH_PATHS = (
					"$(inherited)",
					"@executable_path/Frameworks",
					"@loader_path/Frameworks",
				);
				PRODUCT_BUNDLE_IDENTIFIER = mori.TikTokUIUITests;
				PRODUCT_NAME = "$(TARGET_NAME)";
				SWIFT_VERSION = 5.0;
				TARGETED_DEVICE_FAMILY = "1,2";
				TEST_TARGET_NAME = TikTokUI;
			};
			name = Debug;
		};
		8D392E0F23D318E90075285D /* Release */ = {
			isa = XCBuildConfiguration;
			buildSettings = {
				ALWAYS_EMBED_SWIFT_STANDARD_LIBRARIES = YES;
				CODE_SIGN_STYLE = Automatic;
				DEVELOPMENT_TEAM = 8V9298F7HL;
				INFOPLIST_FILE = TikTokUIUITests/Info.plist;
				LD_RUNPATH_SEARCH_PATHS = (
					"$(inherited)",
					"@executable_path/Frameworks",
					"@loader_path/Frameworks",
				);
				PRODUCT_BUNDLE_IDENTIFIER = mori.TikTokUIUITests;
				PRODUCT_NAME = "$(TARGET_NAME)";
				SWIFT_VERSION = 5.0;
				TARGETED_DEVICE_FAMILY = "1,2";
				TEST_TARGET_NAME = TikTokUI;
			};
			name = Release;
		};
/* End XCBuildConfiguration section */

/* Begin XCConfigurationList section */
		8D392DD823D318E70075285D /* Build configuration list for PBXProject "TikTokUI" */ = {
			isa = XCConfigurationList;
			buildConfigurations = (
				8D392E0523D318E90075285D /* Debug */,
				8D392E0623D318E90075285D /* Release */,
			);
			defaultConfigurationIsVisible = 0;
			defaultConfigurationName = Release;
		};
		8D392E0723D318E90075285D /* Build configuration list for PBXNativeTarget "TikTokUI" */ = {
			isa = XCConfigurationList;
			buildConfigurations = (
				8D392E0823D318E90075285D /* Debug */,
				8D392E0923D318E90075285D /* Release */,
			);
			defaultConfigurationIsVisible = 0;
			defaultConfigurationName = Release;
		};
		8D392E0A23D318E90075285D /* Build configuration list for PBXNativeTarget "TikTokUITests" */ = {
			isa = XCConfigurationList;
			buildConfigurations = (
				8D392E0B23D318E90075285D /* Debug */,
				8D392E0C23D318E90075285D /* Release */,
			);
			defaultConfigurationIsVisible = 0;
			defaultConfigurationName = Release;
		};
		8D392E0D23D318E90075285D /* Build configuration list for PBXNativeTarget "TikTokUIUITests" */ = {
			isa = XCConfigurationList;
			buildConfigurations = (
				8D392E0E23D318E90075285D /* Debug */,
				8D392E0F23D318E90075285D /* Release */,
			);
			defaultConfigurationIsVisible = 0;
			defaultConfigurationName = Release;
		};
/* End XCConfigurationList section */
	};
	rootObject = 8D392DD523D318E70075285D /* Project object */;
}
